
Microsoft Visual Studio Solution File, Format Version 12.00
# Visual Studio Version 16
VisualStudioVersion = 16.0.30907.101
MinimumVisualStudioVersion = 10.0.40219.1
Project("{FAE04EC0-301F-11D3-BF4B-00C04F79EFBC}") = "Presupuesto", "Presupuesto.csproj", "{A54483B9-5018-4AC5-8D58-91B568620057}"
EndProject
Global
	GlobalSection(SolutionConfigurationPlatforms) = preSolution
		Debug|Any CPU = Debug|Any CPU
		Release|Any CPU = Release|Any CPU
	EndGlobalSection
	GlobalSection(ProjectConfigurationPlatforms) = postSolution
		{A54483B9-5018-4AC5-8D58-91B568620057}.Debug|Any CPU.ActiveCfg = Debug|Any CPU
		{A54483B9-5018-4AC5-8D58-91B568620057}.Debug|Any CPU.Build.0 = Debug|Any CPU
		{A54483B9-5018-4AC5-8D58-91B568620057}.Release|Any CPU.ActiveCfg = Release|Any CPU
		{A54483B9-5018-4AC5-8D58-91B568620057}.Release|Any CPU.Build.0 = Release|Any CPU
	EndGlobalSection
	GlobalSection(SolutionProperties) = preSolution
		HideSolutionNode = FALSE
	EndGlobalSection
	GlobalSection(ExtensibilityGlobals) = postSolution
		SolutionGuid = {47F3E419-863F-452F-8984-353BA090C7D8}
	EndGlobalSection
EndGlobal
